
Microsoft Visual Studio Solution File, Format Version 12.00
# Visual Studio Version 17
VisualStudioVersion = 17.6.33829.357
MinimumVisualStudioVersion = 10.0.40219.1
Project("{FAE04EC0-301F-11D3-BF4B-00C04F79EFBC}") = "DemoRegex", "DemoRegex\DemoRegex.csproj", "{C22B9FD7-2372-4F95-BB66-76F150C79EBE}"
EndProject
Global
	GlobalSection(SolutionConfigurationPlatforms) = preSolution
		Debug|Any CPU = Debug|Any CPU
		Release|Any CPU = Release|Any CPU
	EndGlobalSection
	GlobalSection(ProjectConfigurationPlatforms) = postSolution
		{C22B9FD7-2372-4F95-BB66-76F150C79EBE}.Debug|Any CPU.ActiveCfg = Debug|Any CPU
		{C22B9FD7-2372-4F95-BB66-76F150C79EBE}.Debug|Any CPU.Build.0 = Debug|Any CPU
		{C22B9FD7-2372-4F95-BB66-76F150C79EBE}.Release|Any CPU.ActiveCfg = Release|Any CPU
		{C22B9FD7-2372-4F95-BB66-76F150C79EBE}.Release|Any CPU.Build.0 = Release|Any CPU
	EndGlobalSection
	GlobalSection(SolutionProperties) = preSolution
		HideSolutionNode = FALSE
	EndGlobalSection
	GlobalSection(ExtensibilityGlobals) = postSolution
		SolutionGuid = {3834669A-9676-417D-A2FA-FC87995A93A7}
	EndGlobalSection
EndGlobal
